<?xml version="1.0" encoding="utf-8"?>
<Project ToolsVersion="4.0" xmlns="http://schemas.microsoft.com/developer/msbuild/2003">
  <ItemGroup>
    <Filter Include="Source Files">
      <UniqueIdentifier>{4FC737F1-C7A5-4376-A066-2A32D752A2FF}</UniqueIdentifier>
      <Extensions>cpp;c;cc;cxx;def;odl;idl;hpj;bat;asm;asmx</Extensions>
    </Filter>
    <Filter Include="Header Files">
      <UniqueIdentifier>{93995380-89BD-4b04-88EB-625FBE52EBFB}</UniqueIdentifier>
      <Extensions>h;hh;hpp;hxx;hm;inl;inc;xsd</Extensions>
    </Filter>
  </ItemGroup>
  <ItemGroup>
    <ClCompile Include="ArduinoController.cpp">
      <Filter>Source Files</Filter>
    </ClCompile>
    <ClCompile Include="AudioDelay.cpp">
      <Filter>Source Files</Filter>
    </ClCompile>
    <ClCompile Include="Config.cpp">
      <Filter>Source Files</Filter>
    </ClCompile>
    <ClCompile Include="CWKeyer.cpp">
      <Filter>Source Files</Filter>
    </ClCompile>
    <ClCompile Include="DummyController.cpp">
      <Filter>Source Files</Filter>
    </ClCompile>
    <ClCompile Include="ExternalController.cpp">
      <Filter>Source Files</Filter>
    </ClCompile>
    <ClCompile Include="FIRFilter.cpp">
      <Filter>Source Files</Filter>
    </ClCompile>
    <ClCompile Include="FMRepeater.cpp">
      <Filter>Source Files</Filter>
    </ClCompile>
    <ClCompile Include="FMRepeaterThread.cpp">
      <Filter>Source Files</Filter>
    </ClCompile>
    <ClCompile Include="Goertzel.cpp">
      <Filter>Source Files</Filter>
    </ClCompile>
    <ClCompile Include="HardwareController.cpp">
      <Filter>Source Files</Filter>
    </ClCompile>
    <ClCompile Include="NCO.cpp">
      <Filter>Source Files</Filter>
    </ClCompile>
    <ClCompile Include="PTTDelay.cpp">
      <Filter>Source Files</Filter>
    </ClCompile>
    <ClCompile Include="SerialDataController.cpp">
      <Filter>Source Files</Filter>
    </ClCompile>
    <ClCompile Include="SoundCardReaderWriter.cpp">
      <Filter>Source Files</Filter>
    </ClCompile>
    <ClCompile Include="StopWatch.cpp">
      <Filter>Source Files</Filter>
    </ClCompile>
    <ClCompile Include="Thread.cpp">
      <Filter>Source Files</Filter>
    </ClCompile>
    <ClCompile Include="TimeoutTones.cpp">
      <Filter>Source Files</Filter>
    </ClCompile>
    <ClCompile Include="Timer.cpp">
      <Filter>Source Files</Filter>
    </ClCompile>
    <ClCompile Include="UDRCController.cpp">
      <Filter>Source Files</Filter>
    </ClCompile>
  </ItemGroup>
  <ItemGroup>
    <ClInclude Include="ArduinoController.h">
      <Filter>Header Files</Filter>
    </ClInclude>
    <ClInclude Include="AudioCallback.h">
      <Filter>Header Files</Filter>
    </ClInclude>
    <ClInclude Include="AudioDelay.h">
      <Filter>Header Files</Filter>
    </ClInclude>
    <ClInclude Include="Config.h">
      <Filter>Header Files</Filter>
    </ClInclude>
    <ClInclude Include="CWKeyer.h">
      <Filter>Header Files</Filter>
    </ClInclude>
    <ClInclude Include="DummyController.h">
      <Filter>Header Files</Filter>
    </ClInclude>
    <ClInclude Include="ExternalController.h">
      <Filter>Header Files</Filter>
    </ClInclude>
    <ClInclude Include="FIRFilter.h">
      <Filter>Header Files</Filter>
    </ClInclude>
    <ClInclude Include="FMDefines.h">
      <Filter>Header Files</Filter>
    </ClInclude>
    <ClInclude Include="FMRepeater.h">
      <Filter>Header Files</Filter>
    </ClInclude>
    <ClInclude Include="FMRepeaterThread.h">
      <Filter>Header Files</Filter>
    </ClInclude>
    <ClInclude Include="Goertzel.h">
      <Filter>Header Files</Filter>
    </ClInclude>
    <ClInclude Include="HardwareController.h">
      <Filter>Header Files</Filter>
    </ClInclude>
    <ClInclude Include="NCO.h">
      <Filter>Header Files</Filter>
    </ClInclude>
    <ClInclude Include="PTTDelay.h">
      <Filter>Header Files</Filter>
    </ClInclude>
    <ClInclude Include="RingBuffer.h">
      <Filter>Header Files</Filter>
    </ClInclude>
    <ClInclude Include="SerialDataController.h">
      <Filter>Header Files</Filter>
    </ClInclude>
    <ClInclude Include="SoundCardReaderWriter.h">
      <Filter>Header Files</Filter>
    </ClInclude>
    <ClInclude Include="StopWatch.h">
      <Filter>Header Files</Filter>
    </ClInclude>
    <ClInclude Include="Thread.h">
      <Filter>Header Files</Filter>
    </ClInclude>
    <ClInclude Include="TimeoutTones.h">
      <Filter>Header Files</Filter>
    </ClInclude>
    <ClInclude Include="Timer.h">
      <Filter>Header Files</Filter>
    </ClInclude>
    <ClInclude Include="Utils.h">
      <Filter>Header Files</Filter>
    </ClInclude>
    <ClInclude Include="Version.h">
      <Filter>Header Files</Filter>
    </ClInclude>
    <ClInclude Include="UDRCController.h">
      <Filter>Header Files</Filter>
    </ClInclude>
  </ItemGroup>
</Project>